# This file is automatically @generated by Cargo.
# It is not intended for manual editing.
version = 4

[[package]]
name = "mant-ast"
version = "0.1.0"

[[package]]
name = "mant-core"
version = "0.1.0"
dependencies = [
 "mant-ast",
 "mant-mandoc-sys",
]

[[package]]
name = "mant-mandoc-sys"
version = "0.1.0"

[[package]]
name = "mant-napi"
version = "0.1.0"
dependencies = [
 "mant-core",
]
